{
  "name": "regret-testing",
  "version": "1.0.0",
  "lockfileVersion": 3,
  "requires": true,
  "packages": {
    "": {
      "name": "regret-testing",
      "version": "1.0.0",
      "license": "MIT",
      "bin": {
        "regret": "bin/regret.js"
      },
      "engines": {
        "node": ">=16.0.0"
      }
    }
  }
}
